
Microsoft Visual Studio Solution File, Format Version 10.00
# Visual Studio 2008
Project("{8BC9CEB8-8B4A-11D0-8D11-00A0C91BC942}") = "dy_udf", "dy_udf.vcproj", "{35F6A224-C029-4644-BCD2-5B9E62DF8BB7}"
EndProject
Global
	GlobalSection(SolutionConfigurationPlatforms) = preSolution
		Debug|Win32 = Debug|Win32
		Release|Win32 = Release|Win32
	EndGlobalSection
	GlobalSection(ProjectConfigurationPlatforms) = postSolution
		{35F6A224-C029-4644-BCD2-5B9E62DF8BB7}.Debug|Win32.ActiveCfg = Debug|Win32
		{35F6A224-C029-4644-BCD2-5B9E62DF8BB7}.Debug|Win32.Build.0 = Debug|Win32
		{35F6A224-C029-4644-BCD2-5B9E62DF8BB7}.Release|Win32.ActiveCfg = Release|Win32
		{35F6A224-C029-4644-BCD2-5B9E62DF8BB7}.Release|Win32.Build.0 = Release|Win32
	EndGlobalSection
	GlobalSection(SolutionProperties) = preSolution
		HideSolutionNode = FALSE
	EndGlobalSection
EndGlobal
